
Microsoft Visual Studio Solution File, Format Version 12.00
# Visual Studio 15
VisualStudioVersion = 15.0.26730.12
MinimumVisualStudioVersion = 10.0.40219.1
Project("{FAE04EC0-301F-11D3-BF4B-00C04F79EFBC}") = "App4.Android", "App4\App4.Android\App4.Android.csproj", "{C6220FF5-F059-4387-8220-1380E4CFDD1B}"
EndProject
Project("{FAE04EC0-301F-11D3-BF4B-00C04F79EFBC}") = "App4", "App4\App4\App4.csproj", "{00564A2C-D047-4EAA-93CE-46444F34F430}"
EndProject
Project("{FAE04EC0-301F-11D3-BF4B-00C04F79EFBC}") = "App4.UWP", "App4\App4.UWP\App4.UWP.csproj", "{84AC2742-69C5-43D8-BB5B-63E834EB9F27}"
EndProject
Project("{FAE04EC0-301F-11D3-BF4B-00C04F79EFBC}") = "App4.iOS", "App4\App4.iOS\App4.iOS.csproj", "{C09B7AE1-AB38-4F20-9985-982F97F40C7E}"
EndProject
Global
	GlobalSection(SolutionConfigurationPlatforms) = preSolution
		Ad-Hoc|Any CPU = Ad-Hoc|Any CPU
		Ad-Hoc|ARM = Ad-Hoc|ARM
		Ad-Hoc|iPhone = Ad-Hoc|iPhone
		Ad-Hoc|iPhoneSimulator = Ad-Hoc|iPhoneSimulator
		Ad-Hoc|x64 = Ad-Hoc|x64
		Ad-Hoc|x86 = Ad-Hoc|x86
		AppStore|Any CPU = AppStore|Any CPU
		AppStore|ARM = AppStore|ARM
		AppStore|iPhone = AppStore|iPhone
		AppStore|iPhoneSimulator = AppStore|iPhoneSimulator
		AppStore|x64 = AppStore|x64
		AppStore|x86 = AppStore|x86
		Debug|Any CPU = Debug|Any CPU
		Debug|ARM = Debug|ARM
		Debug|iPhone = Debug|iPhone
		Debug|iPhoneSimulator = Debug|iPhoneSimulator
		Debug|x64 = Debug|x64
		Debug|x86 = Debug|x86
		Release|Any CPU = Release|Any CPU
		Release|ARM = Release|ARM
		Release|iPhone = Release|iPhone
		Release|iPhoneSimulator = Release|iPhoneSimulator
		Release|x64 = Release|x64
		Release|x86 = Release|x86
	EndGlobalSection
	GlobalSection(ProjectConfigurationPlatforms) = postSolution
		{C6220FF5-F059-4387-8220-1380E4CFDD1B}.Ad-Hoc|Any CPU.ActiveCfg = Release|Any CPU
		{C6220FF5-F059-4387-8220-1380E4CFDD1B}.Ad-Hoc|Any CPU.Build.0 = Release|Any CPU
		{C6220FF5-F059-4387-8220-1380E4CFDD1B}.Ad-Hoc|Any CPU.Deploy.0 = Release|Any CPU
		{C6220FF5-F059-4387-8220-1380E4CFDD1B}.Ad-Hoc|ARM.ActiveCfg = Release|Any CPU
		{C6220FF5-F059-4387-8220-1380E4CFDD1B}.Ad-Hoc|ARM.Build.0 = Release|Any CPU
		{C6220FF5-F059-4387-8220-1380E4CFDD1B}.Ad-Hoc|ARM.Deploy.0 = Release|Any CPU
		{C6220FF5-F059-4387-8220-1380E4CFDD1B}.Ad-Hoc|iPhone.ActiveCfg = Release|Any CPU
		{C6220FF5-F059-4387-8220-1380E4CFDD1B}.Ad-Hoc|iPhone.Build.0 = Release|Any CPU
		{C6220FF5-F059-4387-8220-1380E4CFDD1B}.Ad-Hoc|iPhone.Deploy.0 = Release|Any CPU
		{C6220FF5-F059-4387-8220-1380E4CFDD1B}.Ad-Hoc|iPhoneSimulator.ActiveCfg = Release|Any CPU
		{C6220FF5-F059-4387-8220-1380E4CFDD1B}.Ad-Hoc|iPhoneSimulator.Build.0 = Release|Any CPU
		{C6220FF5-F059-4387-8220-1380E4CFDD1B}.Ad-Hoc|iPhoneSimulator.Deploy.0 = Release|Any CPU
		{C6220FF5-F059-4387-8220-1380E4CFDD1B}.Ad-Hoc|x64.ActiveCfg = Release|Any CPU
		{C6220FF5-F059-4387-8220-1380E4CFDD1B}.Ad-Hoc|x64.Build.0 = Release|Any CPU
		{C6220FF5-F059-4387-8220-1380E4CFDD1B}.Ad-Hoc|x64.Deploy.0 = Release|Any CPU
		{C6220FF5-F059-4387-8220-1380E4CFDD1B}.Ad-Hoc|x86.ActiveCfg = Release|Any CPU
		{C6220FF5-F059-4387-8220-1380E4CFDD1B}.Ad-Hoc|x86.Build.0 = Release|Any CPU
		{C6220FF5-F059-4387-8220-1380E4CFDD1B}.Ad-Hoc|x86.Deploy.0 = Release|Any CPU
		{C6220FF5-F059-4387-8220-1380E4CFDD1B}.AppStore|Any CPU.ActiveCfg = Release|Any CPU
		{C6220FF5-F059-4387-8220-1380E4CFDD1B}.AppStore|Any CPU.Build.0 = Release|Any CPU
		{C6220FF5-F059-4387-8220-1380E4CFDD1B}.AppStore|Any CPU.Deploy.0 = Release|Any CPU
		{C6220FF5-F059-4387-8220-1380E4CFDD1B}.AppStore|ARM.ActiveCfg = Release|Any CPU
		{C6220FF5-F059-4387-8220-1380E4CFDD1B}.AppStore|ARM.Build.0 = Release|Any CPU
		{C6220FF5-F059-4387-8220-1380E4CFDD1B}.AppStore|ARM.Deploy.0 = Release|Any CPU
		{C6220FF5-F059-4387-8220-1380E4CFDD1B}.AppStore|iPhone.ActiveCfg = Release|Any CPU
		{C6220FF5-F059-4387-8220-1380E4CFDD1B}.AppStore|iPhone.Build.0 = Release|Any CPU
		{C6220FF5-F059-4387-8220-1380E4CFDD1B}.AppStore|iPhone.Deploy.0 = Release|Any CPU
		{C6220FF5-F059-4387-8220-1380E4CFDD1B}.AppStore|iPhoneSimulator.ActiveCfg = Release|Any CPU
		{C6220FF5-F059-4387-8220-1380E4CFDD1B}.AppStore|iPhoneSimulator.Build.0 = Release|Any CPU
		{C6220FF5-F059-4387-8220-1380E4CFDD1B}.AppStore|iPhoneSimulator.Deploy.0 = Release|Any CPU
		{C6220FF5-F059-4387-8220-1380E4CFDD1B}.AppStore|x64.ActiveCfg = Release|Any CPU
		{C6220FF5-F059-4387-8220-1380E4CFDD1B}.AppStore|x64.Build.0 = Release|Any CPU
		{C6220FF5-F059-4387-8220-1380E4CFDD1B}.AppStore|x64.Deploy.0 = Release|Any CPU
		{C6220FF5-F059-4387-8220-1380E4CFDD1B}.AppStore|x86.ActiveCfg = Release|Any CPU
		{C6220FF5-F059-4387-8220-1380E4CFDD1B}.AppStore|x86.Build.0 = Release|Any CPU
		{C6220FF5-F059-4387-8220-1380E4CFDD1B}.AppStore|x86.Deploy.0 = Release|Any CPU
		{C6220FF5-F059-4387-8220-1380E4CFDD1B}.Debug|Any CPU.ActiveCfg = Debug|Any CPU
		{C6220FF5-F059-4387-8220-1380E4CFDD1B}.Debug|Any CPU.Build.0 = Debug|Any CPU
		{C6220FF5-F059-4387-8220-1380E4CFDD1B}.Debug|Any CPU.Deploy.0 = Debug|Any CPU
		{C6220FF5-F059-4387-8220-1380E4CFDD1B}.Debug|ARM.ActiveCfg = Debug|Any CPU
		{C6220FF5-F059-4387-8220-1380E4CFDD1B}.Debug|ARM.Build.0 = Debug|Any CPU
		{C6220FF5-F059-4387-8220-1380E4CFDD1B}.Debug|ARM.Deploy.0 = Debug|Any CPU
		{C6220FF5-F059-4387-8220-1380E4CFDD1B}.Debug|iPhone.ActiveCfg = Debug|Any CPU
		{C6220FF5-F059-4387-8220-1380E4CFDD1B}.Debug|iPhone.Build.0 = Debug|Any CPU
		{C6220FF5-F059-4387-8220-1380E4CFDD1B}.Debug|iPhone.Deploy.0 = Debug|Any CPU
		{C6220FF5-F059-4387-8220-1380E4CFDD1B}.Debug|iPhoneSimulator.ActiveCfg = Debug|Any CPU
		{C6220FF5-F059-4387-8220-1380E4CFDD1B}.Debug|iPhoneSimulator.Build.0 = Debug|Any CPU
		{C6220FF5-F059-4387-8220-1380E4CFDD1B}.Debug|iPhoneSimulator.Deploy.0 = Debug|Any CPU
		{C6220FF5-F059-4387-8220-1380E4CFDD1B}.Debug|x64.ActiveCfg = Debug|Any CPU
		{C6220FF5-F059-4387-8220-1380E4CFDD1B}.Debug|x64.Build.0 = Debug|Any CPU
		{C6220FF5-F059-4387-8220-1380E4CFDD1B}.Debug|x64.Deploy.0 = Debug|Any CPU
		{C6220FF5-F059-4387-8220-1380E4CFDD1B}.Debug|x86.ActiveCfg = Debug|Any CPU
		{C6220FF5-F059-4387-8220-1380E4CFDD1B}.Debug|x86.Build.0 = Debug|Any CPU
		{C6220FF5-F059-4387-8220-1380E4CFDD1B}.Debug|x86.Deploy.0 = Debug|Any CPU
		{C6220FF5-F059-4387-8220-1380E4CFDD1B}.Release|Any CPU.ActiveCfg = Release|Any CPU
		{C6220FF5-F059-4387-8220-1380E4CFDD1B}.Release|Any CPU.Build.0 = Release|Any CPU
		{C6220FF5-F059-4387-8220-1380E4CFDD1B}.Release|Any CPU.Deploy.0 = Release|Any CPU
		{C6220FF5-F059-4387-8220-1380E4CFDD1B}.Release|ARM.ActiveCfg = Release|Any CPU
		{C6220FF5-F059-4387-8220-1380E4CFDD1B}.Release|ARM.Build.0 = Release|Any CPU
		{C6220FF5-F059-4387-8220-1380E4CFDD1B}.Release|ARM.Deploy.0 = Release|Any CPU
		{C6220FF5-F059-4387-8220-1380E4CFDD1B}.Release|iPhone.ActiveCfg = Release|Any CPU
		{C6220FF5-F059-4387-8220-1380E4CFDD1B}.Release|iPhone.Build.0 = Release|Any CPU
		{C6220FF5-F059-4387-8220-1380E4CFDD1B}.Release|iPhone.Deploy.0 = Release|Any CPU
		{C6220FF5-F059-4387-8220-1380E4CFDD1B}.Release|iPhoneSimulator.ActiveCfg = Release|Any CPU
		{C6220FF5-F059-4387-8220-1380E4CFDD1B}.Release|iPhoneSimulator.Build.0 = Release|Any CPU
		{C6220FF5-F059-4387-8220-1380E4CFDD1B}.Release|iPhoneSimulator.Deploy.0 = Release|Any CPU
		{C6220FF5-F059-4387-8220-1380E4CFDD1B}.Release|x64.ActiveCfg = Release|Any CPU
		{C6220FF5-F059-4387-8220-1380E4CFDD1B}.Release|x64.Build.0 = Release|Any CPU
		{C6220FF5-F059-4387-8220-1380E4CFDD1B}.Release|x64.Deploy.0 = Release|Any CPU
		{C6220FF5-F059-4387-8220-1380E4CFDD1B}.Release|x86.ActiveCfg = Release|Any CPU
		{C6220FF5-F059-4387-8220-1380E4CFDD1B}.Release|x86.Build.0 = Release|Any CPU
		{C6220FF5-F059-4387-8220-1380E4CFDD1B}.Release|x86.Deploy.0 = Release|Any CPU
		{00564A2C-D047-4EAA-93CE-46444F34F430}.Ad-Hoc|Any CPU.ActiveCfg = Release|Any CPU
		{00564A2C-D047-4EAA-93CE-46444F34F430}.Ad-Hoc|Any CPU.Build.0 = Release|Any CPU
		{00564A2C-D047-4EAA-93CE-46444F34F430}.Ad-Hoc|ARM.ActiveCfg = Release|Any CPU
		{00564A2C-D047-4EAA-93CE-46444F34F430}.Ad-Hoc|ARM.Build.0 = Release|Any CPU
		{00564A2C-D047-4EAA-93CE-46444F34F430}.Ad-Hoc|iPhone.ActiveCfg = Release|Any CPU
		{00564A2C-D047-4EAA-93CE-46444F34F430}.Ad-Hoc|iPhone.Build.0 = Release|Any CPU
		{00564A2C-D047-4EAA-93CE-46444F34F430}.Ad-Hoc|iPhoneSimulator.ActiveCfg = Release|Any CPU
		{00564A2C-D047-4EAA-93CE-46444F34F430}.Ad-Hoc|iPhoneSimulator.Build.0 = Release|Any CPU
		{00564A2C-D047-4EAA-93CE-46444F34F430}.Ad-Hoc|x64.ActiveCfg = Release|Any CPU
		{00564A2C-D047-4EAA-93CE-46444F34F430}.Ad-Hoc|x64.Build.0 = Release|Any CPU
		{00564A2C-D047-4EAA-93CE-46444F34F430}.Ad-Hoc|x86.ActiveCfg = Release|Any CPU
		{00564A2C-D047-4EAA-93CE-46444F34F430}.Ad-Hoc|x86.Build.0 = Release|Any CPU
		{00564A2C-D047-4EAA-93CE-46444F34F430}.AppStore|Any CPU.ActiveCfg = Release|Any CPU
		{00564A2C-D047-4EAA-93CE-46444F34F430}.AppStore|Any CPU.Build.0 = Release|Any CPU
		{00564A2C-D047-4EAA-93CE-46444F34F430}.AppStore|ARM.ActiveCfg = Release|Any CPU
		{00564A2C-D047-4EAA-93CE-46444F34F430}.AppStore|ARM.Build.0 = Release|Any CPU
		{00564A2C-D047-4EAA-93CE-46444F34F430}.AppStore|iPhone.ActiveCfg = Release|Any CPU
		{00564A2C-D047-4EAA-93CE-46444F34F430}.AppStore|iPhone.Build.0 = Release|Any CPU
		{00564A2C-D047-4EAA-93CE-46444F34F430}.AppStore|iPhoneSimulator.ActiveCfg = Release|Any CPU
		{00564A2C-D047-4EAA-93CE-46444F34F430}.AppStore|iPhoneSimulator.Build.0 = Release|Any CPU
		{00564A2C-D047-4EAA-93CE-46444F34F430}.AppStore|x64.ActiveCfg = Release|Any CPU
		{00564A2C-D047-4EAA-93CE-46444F34F430}.AppStore|x64.Build.0 = Release|Any CPU
		{00564A2C-D047-4EAA-93CE-46444F34F430}.AppStore|x86.ActiveCfg = Release|Any CPU
		{00564A2C-D047-4EAA-93CE-46444F34F430}.AppStore|x86.Build.0 = Release|Any CPU
		{00564A2C-D047-4EAA-93CE-46444F34F430}.Debug|Any CPU.ActiveCfg = Debug|Any CPU
		{00564A2C-D047-4EAA-93CE-46444F34F430}.Debug|Any CPU.Build.0 = Debug|Any CPU
		{00564A2C-D047-4EAA-93CE-46444F34F430}.Debug|ARM.ActiveCfg = Debug|Any CPU
		{00564A2C-D047-4EAA-93CE-46444F34F430}.Debug|ARM.Build.0 = Debug|Any CPU
		{00564A2C-D047-4EAA-93CE-46444F34F430}.Debug|iPhone.ActiveCfg = Debug|Any CPU
		{00564A2C-D047-4EAA-93CE-46444F34F430}.Debug|iPhone.Build.0 = Debug|Any CPU
		{00564A2C-D047-4EAA-93CE-46444F34F430}.Debug|iPhoneSimulator.ActiveCfg = Debug|Any CPU
		{00564A2C-D047-4EAA-93CE-46444F34F430}.Debug|iPhoneSimulator.Build.0 = Debug|Any CPU
		{00564A2C-D047-4EAA-93CE-46444F34F430}.Debug|x64.ActiveCfg = Debug|Any CPU
		{00564A2C-D047-4EAA-93CE-46444F34F430}.Debug|x64.Build.0 = Debug|Any CPU
		{00564A2C-D047-4EAA-93CE-46444F34F430}.Debug|x86.ActiveCfg = Debug|Any CPU
		{00564A2C-D047-4EAA-93CE-46444F34F430}.Debug|x86.Build.0 = Debug|Any CPU
		{00564A2C-D047-4EAA-93CE-46444F34F430}.Release|Any CPU.ActiveCfg = Release|Any CPU
		{00564A2C-D047-4EAA-93CE-46444F34F430}.Release|Any CPU.Build.0 = Release|Any CPU
		{00564A2C-D047-4EAA-93CE-46444F34F430}.Release|ARM.ActiveCfg = Release|Any CPU
		{00564A2C-D047-4EAA-93CE-46444F34F430}.Release|ARM.Build.0 = Release|Any CPU
		{00564A2C-D047-4EAA-93CE-46444F34F430}.Release|iPhone.ActiveCfg = Release|Any CPU
		{00564A2C-D047-4EAA-93CE-46444F34F430}.Release|iPhone.Build.0 = Release|Any CPU
		{00564A2C-D047-4EAA-93CE-46444F34F430}.Release|iPhoneSimulator.ActiveCfg = Release|Any CPU
		{00564A2C-D047-4EAA-93CE-46444F34F430}.Release|iPhoneSimulator.Build.0 = Release|Any CPU
		{00564A2C-D047-4EAA-93CE-46444F34F430}.Release|x64.ActiveCfg = Release|Any CPU
		{00564A2C-D047-4EAA-93CE-46444F34F430}.Release|x64.Build.0 = Release|Any CPU
		{00564A2C-D047-4EAA-93CE-46444F34F430}.Release|x86.ActiveCfg = Release|Any CPU
		{00564A2C-D047-4EAA-93CE-46444F34F430}.Release|x86.Build.0 = Release|Any CPU
		{84AC2742-69C5-43D8-BB5B-63E834EB9F27}.Ad-Hoc|Any CPU.ActiveCfg = Release|x86
		{84AC2742-69C5-43D8-BB5B-63E834EB9F27}.Ad-Hoc|Any CPU.Build.0 = Release|x86
		{84AC2742-69C5-43D8-BB5B-63E834EB9F27}.Ad-Hoc|Any CPU.Deploy.0 = Release|x86
		{84AC2742-69C5-43D8-BB5B-63E834EB9F27}.Ad-Hoc|ARM.ActiveCfg = Release|ARM
		{84AC2742-69C5-43D8-BB5B-63E834EB9F27}.Ad-Hoc|ARM.Build.0 = Release|ARM
		{84AC2742-69C5-43D8-BB5B-63E834EB9F27}.Ad-Hoc|ARM.Deploy.0 = Release|ARM
		{84AC2742-69C5-43D8-BB5B-63E834EB9F27}.Ad-Hoc|iPhone.ActiveCfg = Release|x86
		{84AC2742-69C5-43D8-BB5B-63E834EB9F27}.Ad-Hoc|iPhone.Build.0 = Release|x86
		{84AC2742-69C5-43D8-BB5B-63E834EB9F27}.Ad-Hoc|iPhone.Deploy.0 = Release|x86
		{84AC2742-69C5-43D8-BB5B-63E834EB9F27}.Ad-Hoc|iPhoneSimulator.ActiveCfg = Release|x86
		{84AC2742-69C5-43D8-BB5B-63E834EB9F27}.Ad-Hoc|iPhoneSimulator.Build.0 = Release|x86
		{84AC2742-69C5-43D8-BB5B-63E834EB9F27}.Ad-Hoc|iPhoneSimulator.Deploy.0 = Release|x86
		{84AC2742-69C5-43D8-BB5B-63E834EB9F27}.Ad-Hoc|x64.ActiveCfg = Release|x64
		{84AC2742-69C5-43D8-BB5B-63E834EB9F27}.Ad-Hoc|x64.Build.0 = Release|x64
		{84AC2742-69C5-43D8-BB5B-63E834EB9F27}.Ad-Hoc|x64.Deploy.0 = Release|x64
		{84AC2742-69C5-43D8-BB5B-63E834EB9F27}.Ad-Hoc|x86.ActiveCfg = Release|x86
		{84AC2742-69C5-43D8-BB5B-63E834EB9F27}.Ad-Hoc|x86.Build.0 = Release|x86
		{84AC2742-69C5-43D8-BB5B-63E834EB9F27}.Ad-Hoc|x86.Deploy.0 = Release|x86
		{84AC2742-69C5-43D8-BB5B-63E834EB9F27}.AppStore|Any CPU.ActiveCfg = Release|x86
		{84AC2742-69C5-43D8-BB5B-63E834EB9F27}.AppStore|Any CPU.Build.0 = Release|x86
		{84AC2742-69C5-43D8-BB5B-63E834EB9F27}.AppStore|Any CPU.Deploy.0 = Release|x86
		{84AC2742-69C5-43D8-BB5B-63E834EB9F27}.AppStore|ARM.ActiveCfg = Release|ARM
		{84AC2742-69C5-43D8-BB5B-63E834EB9F27}.AppStore|ARM.Build.0 = Release|ARM
		{84AC2742-69C5-43D8-BB5B-63E834EB9F27}.AppStore|ARM.Deploy.0 = Release|ARM
		{84AC2742-69C5-43D8-BB5B-63E834EB9F27}.AppStore|iPhone.ActiveCfg = Release|x86
		{84AC2742-69C5-43D8-BB5B-63E834EB9F27}.AppStore|iPhone.Build.0 = Release|x86
		{84AC2742-69C5-43D8-BB5B-63E834EB9F27}.AppStore|iPhone.Deploy.0 = Release|x86
		{84AC2742-69C5-43D8-BB5B-63E834EB9F27}.AppStore|iPhoneSimulator.ActiveCfg = Release|x86
		{84AC2742-69C5-43D8-BB5B-63E834EB9F27}.AppStore|iPhoneSimulator.Build.0 = Release|x86
		{84AC2742-69C5-43D8-BB5B-63E834EB9F27}.AppStore|iPhoneSimulator.Deploy.0 = Release|x86
		{84AC2742-69C5-43D8-BB5B-63E834EB9F27}.AppStore|x64.ActiveCfg = Release|x64
		{84AC2742-69C5-43D8-BB5B-63E834EB9F27}.AppStore|x64.Build.0 = Release|x64
		{84AC2742-69C5-43D8-BB5B-63E834EB9F27}.AppStore|x64.Deploy.0 = Release|x64
		{84AC2742-69C5-43D8-BB5B-63E834EB9F27}.AppStore|x86.ActiveCfg = Release|x86
		{84AC2742-69C5-43D8-BB5B-63E834EB9F27}.AppStore|x86.Build.0 = Release|x86
		{84AC2742-69C5-43D8-BB5B-63E834EB9F27}.AppStore|x86.Deploy.0 = Release|x86
		{84AC2742-69C5-43D8-BB5B-63E834EB9F27}.Debug|Any CPU.ActiveCfg = Debug|x86
		{84AC2742-69C5-43D8-BB5B-63E834EB9F27}.Debug|ARM.ActiveCfg = Debug|ARM
		{84AC2742-69C5-43D8-BB5B-63E834EB9F27}.Debug|ARM.Build.0 = Debug|ARM
		{84AC2742-69C5-43D8-BB5B-63E834EB9F27}.Debug|ARM.Deploy.0 = Debug|ARM
		{84AC2742-69C5-43D8-BB5B-63E834EB9F27}.Debug|iPhone.ActiveCfg = Debug|x86
		{84AC2742-69C5-43D8-BB5B-63E834EB9F27}.Debug|iPhoneSimulator.ActiveCfg = Debug|x86
		{84AC2742-69C5-43D8-BB5B-63E834EB9F27}.Debug|x64.ActiveCfg = Debug|x64
		{84AC2742-69C5-43D8-BB5B-63E834EB9F27}.Debug|x64.Build.0 = Debug|x64
		{84AC2742-69C5-43D8-BB5B-63E834EB9F27}.Debug|x64.Deploy.0 = Debug|x64
		{84AC2742-69C5-43D8-BB5B-63E834EB9F27}.Debug|x86.ActiveCfg = Debug|x86
		{84AC2742-69C5-43D8-BB5B-63E834EB9F27}.Debug|x86.Build.0 = Debug|x86
		{84AC2742-69C5-43D8-BB5B-63E834EB9F27}.Debug|x86.Deploy.0 = Debug|x86
		{84AC2742-69C5-43D8-BB5B-63E834EB9F27}.Release|Any CPU.ActiveCfg = Release|x86
		{84AC2742-69C5-43D8-BB5B-63E834EB9F27}.Release|ARM.ActiveCfg = Release|ARM
		{84AC2742-69C5-43D8-BB5B-63E834EB9F27}.Release|ARM.Build.0 = Release|ARM
		{84AC2742-69C5-43D8-BB5B-63E834EB9F27}.Release|ARM.Deploy.0 = Release|ARM
		{84AC2742-69C5-43D8-BB5B-63E834EB9F27}.Release|iPhone.ActiveCfg = Release|x86
		{84AC2742-69C5-43D8-BB5B-63E834EB9F27}.Release|iPhoneSimulator.ActiveCfg = Release|x86
		{84AC2742-69C5-43D8-BB5B-63E834EB9F27}.Release|x64.ActiveCfg = Release|x64
		{84AC2742-69C5-43D8-BB5B-63E834EB9F27}.Release|x64.Build.0 = Release|x64
		{84AC2742-69C5-43D8-BB5B-63E834EB9F27}.Release|x64.Deploy.0 = Release|x64
		{84AC2742-69C5-43D8-BB5B-63E834EB9F27}.Release|x86.ActiveCfg = Release|x86
		{84AC2742-69C5-43D8-BB5B-63E834EB9F27}.Release|x86.Build.0 = Release|x86
		{84AC2742-69C5-43D8-BB5B-63E834EB9F27}.Release|x86.Deploy.0 = Release|x86
		{C09B7AE1-AB38-4F20-9985-982F97F40C7E}.Ad-Hoc|Any CPU.ActiveCfg = Ad-Hoc|iPhone
		{C09B7AE1-AB38-4F20-9985-982F97F40C7E}.Ad-Hoc|ARM.ActiveCfg = Ad-Hoc|iPhone
		{C09B7AE1-AB38-4F20-9985-982F97F40C7E}.Ad-Hoc|iPhone.ActiveCfg = Ad-Hoc|iPhone
		{C09B7AE1-AB38-4F20-9985-982F97F40C7E}.Ad-Hoc|iPhone.Build.0 = Ad-Hoc|iPhone
		{C09B7AE1-AB38-4F20-9985-982F97F40C7E}.Ad-Hoc|iPhoneSimulator.ActiveCfg = Ad-Hoc|iPhoneSimulator
		{C09B7AE1-AB38-4F20-9985-982F97F40C7E}.Ad-Hoc|iPhoneSimulator.Build.0 = Ad-Hoc|iPhoneSimulator
		{C09B7AE1-AB38-4F20-9985-982F97F40C7E}.Ad-Hoc|x64.ActiveCfg = Ad-Hoc|iPhone
		{C09B7AE1-AB38-4F20-9985-982F97F40C7E}.Ad-Hoc|x86.ActiveCfg = Ad-Hoc|iPhone
		{C09B7AE1-AB38-4F20-9985-982F97F40C7E}.AppStore|Any CPU.ActiveCfg = AppStore|iPhone
		{C09B7AE1-AB38-4F20-9985-982F97F40C7E}.AppStore|ARM.ActiveCfg = AppStore|iPhone
		{C09B7AE1-AB38-4F20-9985-982F97F40C7E}.AppStore|iPhone.ActiveCfg = AppStore|iPhone
		{C09B7AE1-AB38-4F20-9985-982F97F40C7E}.AppStore|iPhone.Build.0 = AppStore|iPhone
		{C09B7AE1-AB38-4F20-9985-982F97F40C7E}.AppStore|iPhoneSimulator.ActiveCfg = AppStore|iPhoneSimulator
		{C09B7AE1-AB38-4F20-9985-982F97F40C7E}.AppStore|iPhoneSimulator.Build.0 = AppStore|iPhoneSimulator
		{C09B7AE1-AB38-4F20-9985-982F97F40C7E}.AppStore|x64.ActiveCfg = AppStore|iPhone
		{C09B7AE1-AB38-4F20-9985-982F97F40C7E}.AppStore|x86.ActiveCfg = AppStore|iPhone
		{C09B7AE1-AB38-4F20-9985-982F97F40C7E}.Debug|Any CPU.ActiveCfg = Debug|iPhone
		{C09B7AE1-AB38-4F20-9985-982F97F40C7E}.Debug|ARM.ActiveCfg = Debug|iPhone
		{C09B7AE1-AB38-4F20-9985-982F97F40C7E}.Debug|iPhone.ActiveCfg = Debug|iPhone
		{C09B7AE1-AB38-4F20-9985-982F97F40C7E}.Debug|iPhone.Build.0 = Debug|iPhone
		{C09B7AE1-AB38-4F20-9985-982F97F40C7E}.Debug|iPhoneSimulator.ActiveCfg = Debug|iPhoneSimulator
		{C09B7AE1-AB38-4F20-9985-982F97F40C7E}.Debug|iPhoneSimulator.Build.0 = Debug|iPhoneSimulator
		{C09B7AE1-AB38-4F20-9985-982F97F40C7E}.Debug|x64.ActiveCfg = Debug|iPhone
		{C09B7AE1-AB38-4F20-9985-982F97F40C7E}.Debug|x86.ActiveCfg = Debug|iPhone
		{C09B7AE1-AB38-4F20-9985-982F97F40C7E}.Release|Any CPU.ActiveCfg = Release|iPhone
		{C09B7AE1-AB38-4F20-9985-982F97F40C7E}.Release|ARM.ActiveCfg = Release|iPhone
		{C09B7AE1-AB38-4F20-9985-982F97F40C7E}.Release|iPhone.ActiveCfg = Release|iPhone
		{C09B7AE1-AB38-4F20-9985-982F97F40C7E}.Release|iPhone.Build.0 = Release|iPhone
		{C09B7AE1-AB38-4F20-9985-982F97F40C7E}.Release|iPhoneSimulator.ActiveCfg = Release|iPhoneSimulator
		{C09B7AE1-AB38-4F20-9985-982F97F40C7E}.Release|iPhoneSimulator.Build.0 = Release|iPhoneSimulator
		{C09B7AE1-AB38-4F20-9985-982F97F40C7E}.Release|x64.ActiveCfg = Release|iPhone
		{C09B7AE1-AB38-4F20-9985-982F97F40C7E}.Release|x86.ActiveCfg = Release|iPhone
	EndGlobalSection
	GlobalSection(SolutionProperties) = preSolution
		HideSolutionNode = FALSE
	EndGlobalSection
	GlobalSection(ExtensibilityGlobals) = postSolution
		SolutionGuid = {0A75EF5E-508E-431D-A1DE-4B28B410613C}
	EndGlobalSection
EndGlobal
